
Microsoft Visual Studio Solution File, Format Version 12.00
# Visual Studio Version 16
VisualStudioVersion = 16.0.31402.337
MinimumVisualStudioVersion = 10.0.40219.1
Project("{FAE04EC0-301F-11D3-BF4B-00C04F79EFBC}") = "MakeFolderFromFileName.ConsoleApp", "MakeFolderFromFileName.ConsoleApp\MakeFolderFromFileName.ConsoleApp.csproj", "{9D52AC19-D7A6-4792-BE9D-BF22EAE7E78A}"
EndProject
Global
	GlobalSection(SolutionConfigurationPlatforms) = preSolution
		Debug|Any CPU = Debug|Any CPU
		Release|Any CPU = Release|Any CPU
	EndGlobalSection
	GlobalSection(ProjectConfigurationPlatforms) = postSolution
		{9D52AC19-D7A6-4792-BE9D-BF22EAE7E78A}.Debug|Any CPU.ActiveCfg = Debug|Any CPU
		{9D52AC19-D7A6-4792-BE9D-BF22EAE7E78A}.Debug|Any CPU.Build.0 = Debug|Any CPU
		{9D52AC19-D7A6-4792-BE9D-BF22EAE7E78A}.Release|Any CPU.ActiveCfg = Release|Any CPU
		{9D52AC19-D7A6-4792-BE9D-BF22EAE7E78A}.Release|Any CPU.Build.0 = Release|Any CPU
	EndGlobalSection
	GlobalSection(SolutionProperties) = preSolution
		HideSolutionNode = FALSE
	EndGlobalSection
	GlobalSection(ExtensibilityGlobals) = postSolution
		SolutionGuid = {E9AAB03D-B143-4B0D-AF29-32643582308F}
	EndGlobalSection
EndGlobal
